{
  "version": 1,
  "dependencies": {
    "net10.0": {
      "LibGit2Sharp": {
        "type": "Direct",
        "requested": "[0.30.0, )",
        "resolved": "0.30.0",
        "contentHash": "1cBg/7nz6q+yzvComhqQaTS4nbXloLp/x29ZgY/Rr82ohpkuaWT8ZYzsPLFvs1zmCh/4xQbVt5sQxazGblgRig==",
        "dependencies": {
          "LibGit2Sharp.NativeBinaries": "[2.0.322]"
        }
      },
      "LibGit2Sharp.NativeBinaries": {
        "type": "Transitive",
        "resolved": "2.0.322",
        "contentHash": "EWQaEevzc8uS1ZGS6T83jqUPBY//2WUSCHwbZHBoHOjlfSehqr30nm/VAhJPzjam/69sv7nlLKVcho9t2XuR/Q=="
      },
      "YamlDotNet": {
        "type": "Transitive",
        "resolved": "16.3.0",
        "contentHash": "SgMOdxbz8X65z8hraIs6hOEdnkH6hESTAIUa7viEngHOYaH+6q5XJmwr1+yb9vJpNQ19hCQY69xbFsLtXpobQA=="
      },
      "chickenscratch.core": {
        "type": "Project",
        "dependencies": {
          "LibGit2Sharp": "[0.30.0, )",
          "YamlDotNet": "[16.3.0, )"
        }
      }
    }
  }
}